
Microsoft Visual Studio Solution File, Format Version 12.00
# Visual Studio Version 17
VisualStudioVersion = 17.1.31911.260
MinimumVisualStudioVersion = 10.0.40219.1
Project("{9A19103F-16F7-4668-BE54-9A1E7A4F7556}") = "Meadow.Modbus", "Meadow.Modbus\Meadow.Modbus.csproj", "{934C99DF-77F7-432C-AA81-B5FAE23B20DF}"
EndProject
Project("{9A19103F-16F7-4668-BE54-9A1E7A4F7556}") = "Meadow.Modbus.Unit.Tests", "Meadow.Modbus.Unit.Tests\Meadow.Modbus.Unit.Tests.csproj", "{A3F6B117-3E3C-497D-9525-7A8A0FFA2119}"
EndProject
Project("{2150E333-8FDC-42A3-9474-1A3956D46DE8}") = "Solution Items", "Solution Items", "{7C7A8928-0C6D-4781-BE71-7BEF6F479E6D}"
	ProjectSection(SolutionItems) = preProject
		readme.md = readme.md
	EndProjectSection
EndProject
Project("{9A19103F-16F7-4668-BE54-9A1E7A4F7556}") = "F7v2RtuSample", "samples\F7v2RtuSample\F7v2RtuSample.csproj", "{A79616E3-8399-4A12-BDC7-1FD52CE286DC}"
EndProject
Global
	GlobalSection(SolutionConfigurationPlatforms) = preSolution
		Debug|Any CPU = Debug|Any CPU
		Release|Any CPU = Release|Any CPU
	EndGlobalSection
	GlobalSection(ProjectConfigurationPlatforms) = postSolution
		{934C99DF-77F7-432C-AA81-B5FAE23B20DF}.Debug|Any CPU.ActiveCfg = Debug|Any CPU
		{934C99DF-77F7-432C-AA81-B5FAE23B20DF}.Debug|Any CPU.Build.0 = Debug|Any CPU
		{934C99DF-77F7-432C-AA81-B5FAE23B20DF}.Release|Any CPU.ActiveCfg = Release|Any CPU
		{934C99DF-77F7-432C-AA81-B5FAE23B20DF}.Release|Any CPU.Build.0 = Release|Any CPU
		{A3F6B117-3E3C-497D-9525-7A8A0FFA2119}.Debug|Any CPU.ActiveCfg = Debug|Any CPU
		{A3F6B117-3E3C-497D-9525-7A8A0FFA2119}.Debug|Any CPU.Build.0 = Debug|Any CPU
		{A3F6B117-3E3C-497D-9525-7A8A0FFA2119}.Release|Any CPU.ActiveCfg = Release|Any CPU
		{A3F6B117-3E3C-497D-9525-7A8A0FFA2119}.Release|Any CPU.Build.0 = Release|Any CPU
		{A79616E3-8399-4A12-BDC7-1FD52CE286DC}.Debug|Any CPU.ActiveCfg = Debug|Any CPU
		{A79616E3-8399-4A12-BDC7-1FD52CE286DC}.Debug|Any CPU.Build.0 = Debug|Any CPU
		{A79616E3-8399-4A12-BDC7-1FD52CE286DC}.Debug|Any CPU.Deploy.0 = Debug|Any CPU
		{A79616E3-8399-4A12-BDC7-1FD52CE286DC}.Release|Any CPU.ActiveCfg = Release|Any CPU
		{A79616E3-8399-4A12-BDC7-1FD52CE286DC}.Release|Any CPU.Build.0 = Release|Any CPU
		{A79616E3-8399-4A12-BDC7-1FD52CE286DC}.Release|Any CPU.Deploy.0 = Release|Any CPU
	EndGlobalSection
	GlobalSection(SolutionProperties) = preSolution
		HideSolutionNode = FALSE
	EndGlobalSection
	GlobalSection(ExtensibilityGlobals) = postSolution
		SolutionGuid = {5FCB68E9-82F3-44F9-BF93-D9A8F55D7F9E}
	EndGlobalSection
EndGlobal
