
Microsoft Visual Studio Solution File, Format Version 12.00
# Visual Studio 15
VisualStudioVersion = 15.0.28010.2048
MinimumVisualStudioVersion = 10.0.40219.1
Project("{9A19103F-16F7-4668-BE54-9A1E7A4F7556}") = "Meadow.Foundation", "Meadow.Foundation\Meadow.Foundation.csproj", "{8C109589-5742-4A00-A29D-E095B4ACDF12}"
EndProject
Project("{9A19103F-16F7-4668-BE54-9A1E7A4F7556}") = "Meadow.Core", "..\Meadow.Core\source\Meadow.Core\Meadow.Core\Meadow.Core.csproj", "{0CAA96FE-5CF3-4EA9-938D-91EEFD397D69}"
EndProject
Project("{2150E333-8FDC-42A3-9474-1A3956D46DE8}") = "Peripherals_Lib", "Peripherals_Lib", "{4B5E1F59-30E3-4FCA-8455-8A3565B3A0EF}"
EndProject
Project("{9A19103F-16F7-4668-BE54-9A1E7A4F7556}") = "Displays.GraphicsLibrary", "Peripheral_Libs\Displays.GraphicsLibrary\Displays.GraphicsLibrary.csproj", "{147DD7B1-AC31-4C79-A51A-A535263F9578}"
EndProject
Project("{FAE04EC0-301F-11D3-BF4B-00C04F79EFBC}") = "DataLoggers", "Peripheral_Libs\DataLoggers\DataLoggers.csproj", "{5273649E-8BC4-4119-8455-49AA28C66A98}"
EndProject
Project("{FAE04EC0-301F-11D3-BF4B-00C04F79EFBC}") = "Displays.LCD.Lcd2004", "Peripheral_Libs\Displays.LCD.Lcd2004\Displays.LCD.Lcd2004.csproj", "{6A893C6C-FD68-4064-8A6D-6455CE6CF8C2}"
EndProject
Project("{FAE04EC0-301F-11D3-BF4B-00C04F79EFBC}") = "Displays.SSD1306", "Peripheral_Libs\Displays.SSD1306\Displays.SSD1306.csproj", "{30167A9C-8CB5-481B-8E9B-12FDC98970CF}"
EndProject
Project("{FAE04EC0-301F-11D3-BF4B-00C04F79EFBC}") = "Displays.TextDisplayMenu", "Peripheral_Libs\Displays.TextDisplayMenu\Displays.TextDisplayMenu.csproj", "{D7ED8D4E-1251-460E-BBA1-519A12FA9449}"
EndProject
Project("{FAE04EC0-301F-11D3-BF4B-00C04F79EFBC}") = "Displays.TFTSPI", "Peripheral_Libs\Displays.TFTSPI\Displays.TFTSPI.csproj", "{F02CE233-6F51-4936-8341-0AEB90FA15EC}"
EndProject
Project("{FAE04EC0-301F-11D3-BF4B-00C04F79EFBC}") = "Displays.WaveShare_ePaper", "Peripheral_Libs\Displays.WaveShare_ePaper\Displays.WaveShare_ePaper.csproj", "{5353188A-F89B-4252-8249-4AEEEE28B7BA}"
EndProject
Project("{FAE04EC0-301F-11D3-BF4B-00C04F79EFBC}") = "ICs.EEPROM.AT24Cxx", "Peripheral_Libs\ICs.EEPROM.AT24Cxx\ICs.EEPROM.AT24Cxx.csproj", "{E98969B8-F1F5-45E7-A1CC-2616BBFC7136}"
EndProject
Project("{9A19103F-16F7-4668-BE54-9A1E7A4F7556}") = "ICs.IOExpanders.MCP23008", "Peripheral_Libs\ICs.IOExpanders.MCP23008\ICs.IOExpanders.MCP23008.csproj", "{F3D455E9-722A-44CD-B258-8343FAAEE68C}"
EndProject
Project("{FAE04EC0-301F-11D3-BF4B-00C04F79EFBC}") = "ICs.Expanders.x74595", "Peripheral_Libs\ICs.Expanders.x74595\ICs.Expanders.x74595.csproj", "{14DBF3FA-4F71-422E-A7E5-3CDCDCF6FD93}"
EndProject
Project("{FAE04EC0-301F-11D3-BF4B-00C04F79EFBC}") = "RTCs.DS323x", "RTCs.DS323x\RTCs.DS323x.csproj", "{334D03CE-EB09-48DF-A1A5-363AE0341806}"
EndProject
Project("{FAE04EC0-301F-11D3-BF4B-00C04F79EFBC}") = "Sensors.Atmospheric.BME280", "Peripheral_Libs\Sensors.Atmospheric.BME280\Sensors.Atmospheric.BME280.csproj", "{8AA464CD-0604-4D31-919B-DE2C7498982B}"
EndProject
Project("{FAE04EC0-301F-11D3-BF4B-00C04F79EFBC}") = "Sensors.Atmospheric.GroveTH02", "Peripheral_Libs\Sensors.Atmospheric.GroveTH02\Sensors.Atmospheric.GroveTH02.csproj", "{6E3DA00B-DE4E-4BB7-9935-9A2C603ADD12}"
EndProject
Project("{FAE04EC0-301F-11D3-BF4B-00C04F79EFBC}") = "Sensors.Atmospheric.HIH6130", "Peripheral_Libs\Sensors.Atmospheric.HIH6130\Sensors.Atmospheric.HIH6130.csproj", "{9C4839BE-80F5-4D85-99C5-21A8215F288A}"
EndProject
Project("{FAE04EC0-301F-11D3-BF4B-00C04F79EFBC}") = "Sensors.Atmospheric.SHT31D", "Peripheral_Libs\Sensors.Atmospheric.SHT31D\Sensors.Atmospheric.SHT31D.csproj", "{195D8F8C-3183-4E62-A195-FD947E375A92}"
EndProject
Project("{FAE04EC0-301F-11D3-BF4B-00C04F79EFBC}") = "Sensors.Atmospheric.SI7021", "Peripheral_Libs\Sensors.Atmospheric.SI7021\Sensors.Atmospheric.SI7021.csproj", "{CD970EFC-BCA2-42D6-A130-79265B531CFA}"
EndProject
Project("{FAE04EC0-301F-11D3-BF4B-00C04F79EFBC}") = "Sensors.Barometric.MPL115A2", "Peripheral_Libs\Sensors.Barometric.MPL115A2\Sensors.Barometric.MPL115A2.csproj", "{8D74E383-8A36-464A-B718-AFCE5D5E2DD3}"
EndProject
Project("{FAE04EC0-301F-11D3-BF4B-00C04F79EFBC}") = "Sensors.Barometric.MPL3115A2", "Peripheral_Libs\Sensors.Barometric.MPL3115A2\Sensors.Barometric.MPL3115A2.csproj", "{B2C60347-C9A1-49FA-B4DE-9F5C8F55A7F4}"
EndProject
Project("{FAE04EC0-301F-11D3-BF4B-00C04F79EFBC}") = "Sensors.Distance.SharpGP2D12", "Peripheral_Libs\Sensors.Distance.SharpGP2D12\Sensors.Distance.SharpGP2D12.csproj", "{418F10B2-7A95-4108-8363-852AA78AA2E4}"
EndProject
Project("{FAE04EC0-301F-11D3-BF4B-00C04F79EFBC}") = "Sensors.GPS.NMEA", "Peripheral_Libs\Sensors.GPS.NMEA\Sensors.GPS.NMEA.csproj", "{7BE51506-D837-4C7A-99C5-2B38EE018005}"
EndProject
Project("{FAE04EC0-301F-11D3-BF4B-00C04F79EFBC}") = "Sensors.Light.ALSPT19315C", "Peripheral_Libs\Sensors.Light.ALSPT19315C\Sensors.Light.ALSPT19315C.csproj", "{5B20A10D-37A1-4398-BAF0-39669D4AB0A8}"
EndProject
Project("{FAE04EC0-301F-11D3-BF4B-00C04F79EFBC}") = "Sensors.Light.SI1145", "Peripheral_Libs\Sensors.Light.SI1145\Sensors.Light.SI1145.csproj", "{F8FB81AF-C4A3-4567-9658-85BE3EF5596A}"
EndProject
Project("{FAE04EC0-301F-11D3-BF4B-00C04F79EFBC}") = "Sensors.Light.TSL2561", "Peripheral_Libs\Sensors.Light.TSL2561\Sensors.Light.TSL2561.csproj", "{F9DB7EB9-A2A6-49F1-9BBD-E407668FD22B}"
EndProject
Project("{FAE04EC0-301F-11D3-BF4B-00C04F79EFBC}") = "Sensors.Servo.Core", "Peripheral_Libs\Sensors.Servo.Core\Sensors.Servo.Core.csproj", "{93D0A373-7D7B-412A-A168-EBABB467FAA8}"
EndProject
Global
	GlobalSection(SolutionConfigurationPlatforms) = preSolution
		Debug|Any CPU = Debug|Any CPU
		Release|Any CPU = Release|Any CPU
	EndGlobalSection
	GlobalSection(ProjectConfigurationPlatforms) = postSolution
		{8C109589-5742-4A00-A29D-E095B4ACDF12}.Debug|Any CPU.ActiveCfg = Debug|Any CPU
		{8C109589-5742-4A00-A29D-E095B4ACDF12}.Debug|Any CPU.Build.0 = Debug|Any CPU
		{8C109589-5742-4A00-A29D-E095B4ACDF12}.Release|Any CPU.ActiveCfg = Release|Any CPU
		{8C109589-5742-4A00-A29D-E095B4ACDF12}.Release|Any CPU.Build.0 = Release|Any CPU
		{0CAA96FE-5CF3-4EA9-938D-91EEFD397D69}.Debug|Any CPU.ActiveCfg = Debug|Any CPU
		{0CAA96FE-5CF3-4EA9-938D-91EEFD397D69}.Debug|Any CPU.Build.0 = Debug|Any CPU
		{0CAA96FE-5CF3-4EA9-938D-91EEFD397D69}.Release|Any CPU.ActiveCfg = Release|Any CPU
		{0CAA96FE-5CF3-4EA9-938D-91EEFD397D69}.Release|Any CPU.Build.0 = Release|Any CPU
		{147DD7B1-AC31-4C79-A51A-A535263F9578}.Debug|Any CPU.ActiveCfg = Debug|Any CPU
		{147DD7B1-AC31-4C79-A51A-A535263F9578}.Debug|Any CPU.Build.0 = Debug|Any CPU
		{147DD7B1-AC31-4C79-A51A-A535263F9578}.Release|Any CPU.ActiveCfg = Release|Any CPU
		{147DD7B1-AC31-4C79-A51A-A535263F9578}.Release|Any CPU.Build.0 = Release|Any CPU
		{5273649E-8BC4-4119-8455-49AA28C66A98}.Debug|Any CPU.ActiveCfg = Debug|Any CPU
		{5273649E-8BC4-4119-8455-49AA28C66A98}.Debug|Any CPU.Build.0 = Debug|Any CPU
		{5273649E-8BC4-4119-8455-49AA28C66A98}.Release|Any CPU.ActiveCfg = Release|Any CPU
		{5273649E-8BC4-4119-8455-49AA28C66A98}.Release|Any CPU.Build.0 = Release|Any CPU
		{6A893C6C-FD68-4064-8A6D-6455CE6CF8C2}.Debug|Any CPU.ActiveCfg = Debug|Any CPU
		{6A893C6C-FD68-4064-8A6D-6455CE6CF8C2}.Debug|Any CPU.Build.0 = Debug|Any CPU
		{6A893C6C-FD68-4064-8A6D-6455CE6CF8C2}.Release|Any CPU.ActiveCfg = Release|Any CPU
		{6A893C6C-FD68-4064-8A6D-6455CE6CF8C2}.Release|Any CPU.Build.0 = Release|Any CPU
		{30167A9C-8CB5-481B-8E9B-12FDC98970CF}.Debug|Any CPU.ActiveCfg = Debug|Any CPU
		{30167A9C-8CB5-481B-8E9B-12FDC98970CF}.Debug|Any CPU.Build.0 = Debug|Any CPU
		{30167A9C-8CB5-481B-8E9B-12FDC98970CF}.Release|Any CPU.ActiveCfg = Release|Any CPU
		{30167A9C-8CB5-481B-8E9B-12FDC98970CF}.Release|Any CPU.Build.0 = Release|Any CPU
		{D7ED8D4E-1251-460E-BBA1-519A12FA9449}.Debug|Any CPU.ActiveCfg = Debug|Any CPU
		{D7ED8D4E-1251-460E-BBA1-519A12FA9449}.Debug|Any CPU.Build.0 = Debug|Any CPU
		{D7ED8D4E-1251-460E-BBA1-519A12FA9449}.Release|Any CPU.ActiveCfg = Release|Any CPU
		{D7ED8D4E-1251-460E-BBA1-519A12FA9449}.Release|Any CPU.Build.0 = Release|Any CPU
		{F02CE233-6F51-4936-8341-0AEB90FA15EC}.Debug|Any CPU.ActiveCfg = Debug|Any CPU
		{F02CE233-6F51-4936-8341-0AEB90FA15EC}.Debug|Any CPU.Build.0 = Debug|Any CPU
		{F02CE233-6F51-4936-8341-0AEB90FA15EC}.Release|Any CPU.ActiveCfg = Release|Any CPU
		{F02CE233-6F51-4936-8341-0AEB90FA15EC}.Release|Any CPU.Build.0 = Release|Any CPU
		{5353188A-F89B-4252-8249-4AEEEE28B7BA}.Debug|Any CPU.ActiveCfg = Debug|Any CPU
		{5353188A-F89B-4252-8249-4AEEEE28B7BA}.Debug|Any CPU.Build.0 = Debug|Any CPU
		{5353188A-F89B-4252-8249-4AEEEE28B7BA}.Release|Any CPU.ActiveCfg = Release|Any CPU
		{5353188A-F89B-4252-8249-4AEEEE28B7BA}.Release|Any CPU.Build.0 = Release|Any CPU
		{E98969B8-F1F5-45E7-A1CC-2616BBFC7136}.Debug|Any CPU.ActiveCfg = Debug|Any CPU
		{E98969B8-F1F5-45E7-A1CC-2616BBFC7136}.Debug|Any CPU.Build.0 = Debug|Any CPU
		{E98969B8-F1F5-45E7-A1CC-2616BBFC7136}.Release|Any CPU.ActiveCfg = Release|Any CPU
		{E98969B8-F1F5-45E7-A1CC-2616BBFC7136}.Release|Any CPU.Build.0 = Release|Any CPU
		{F3D455E9-722A-44CD-B258-8343FAAEE68C}.Debug|Any CPU.ActiveCfg = Debug|Any CPU
		{F3D455E9-722A-44CD-B258-8343FAAEE68C}.Debug|Any CPU.Build.0 = Debug|Any CPU
		{F3D455E9-722A-44CD-B258-8343FAAEE68C}.Release|Any CPU.ActiveCfg = Release|Any CPU
		{F3D455E9-722A-44CD-B258-8343FAAEE68C}.Release|Any CPU.Build.0 = Release|Any CPU
		{14DBF3FA-4F71-422E-A7E5-3CDCDCF6FD93}.Debug|Any CPU.ActiveCfg = Debug|Any CPU
		{14DBF3FA-4F71-422E-A7E5-3CDCDCF6FD93}.Debug|Any CPU.Build.0 = Debug|Any CPU
		{14DBF3FA-4F71-422E-A7E5-3CDCDCF6FD93}.Release|Any CPU.ActiveCfg = Release|Any CPU
		{14DBF3FA-4F71-422E-A7E5-3CDCDCF6FD93}.Release|Any CPU.Build.0 = Release|Any CPU
		{334D03CE-EB09-48DF-A1A5-363AE0341806}.Debug|Any CPU.ActiveCfg = Debug|Any CPU
		{334D03CE-EB09-48DF-A1A5-363AE0341806}.Debug|Any CPU.Build.0 = Debug|Any CPU
		{334D03CE-EB09-48DF-A1A5-363AE0341806}.Release|Any CPU.ActiveCfg = Release|Any CPU
		{334D03CE-EB09-48DF-A1A5-363AE0341806}.Release|Any CPU.Build.0 = Release|Any CPU
		{8AA464CD-0604-4D31-919B-DE2C7498982B}.Debug|Any CPU.ActiveCfg = Debug|Any CPU
		{8AA464CD-0604-4D31-919B-DE2C7498982B}.Debug|Any CPU.Build.0 = Debug|Any CPU
		{8AA464CD-0604-4D31-919B-DE2C7498982B}.Release|Any CPU.ActiveCfg = Release|Any CPU
		{8AA464CD-0604-4D31-919B-DE2C7498982B}.Release|Any CPU.Build.0 = Release|Any CPU
		{6E3DA00B-DE4E-4BB7-9935-9A2C603ADD12}.Debug|Any CPU.ActiveCfg = Debug|Any CPU
		{6E3DA00B-DE4E-4BB7-9935-9A2C603ADD12}.Debug|Any CPU.Build.0 = Debug|Any CPU
		{6E3DA00B-DE4E-4BB7-9935-9A2C603ADD12}.Release|Any CPU.ActiveCfg = Release|Any CPU
		{6E3DA00B-DE4E-4BB7-9935-9A2C603ADD12}.Release|Any CPU.Build.0 = Release|Any CPU
		{9C4839BE-80F5-4D85-99C5-21A8215F288A}.Debug|Any CPU.ActiveCfg = Debug|Any CPU
		{9C4839BE-80F5-4D85-99C5-21A8215F288A}.Debug|Any CPU.Build.0 = Debug|Any CPU
		{9C4839BE-80F5-4D85-99C5-21A8215F288A}.Release|Any CPU.ActiveCfg = Release|Any CPU
		{9C4839BE-80F5-4D85-99C5-21A8215F288A}.Release|Any CPU.Build.0 = Release|Any CPU
		{195D8F8C-3183-4E62-A195-FD947E375A92}.Debug|Any CPU.ActiveCfg = Debug|Any CPU
		{195D8F8C-3183-4E62-A195-FD947E375A92}.Debug|Any CPU.Build.0 = Debug|Any CPU
		{195D8F8C-3183-4E62-A195-FD947E375A92}.Release|Any CPU.ActiveCfg = Release|Any CPU
		{195D8F8C-3183-4E62-A195-FD947E375A92}.Release|Any CPU.Build.0 = Release|Any CPU
		{CD970EFC-BCA2-42D6-A130-79265B531CFA}.Debug|Any CPU.ActiveCfg = Debug|Any CPU
		{CD970EFC-BCA2-42D6-A130-79265B531CFA}.Debug|Any CPU.Build.0 = Debug|Any CPU
		{CD970EFC-BCA2-42D6-A130-79265B531CFA}.Release|Any CPU.ActiveCfg = Release|Any CPU
		{CD970EFC-BCA2-42D6-A130-79265B531CFA}.Release|Any CPU.Build.0 = Release|Any CPU
		{8D74E383-8A36-464A-B718-AFCE5D5E2DD3}.Debug|Any CPU.ActiveCfg = Debug|Any CPU
		{8D74E383-8A36-464A-B718-AFCE5D5E2DD3}.Debug|Any CPU.Build.0 = Debug|Any CPU
		{8D74E383-8A36-464A-B718-AFCE5D5E2DD3}.Release|Any CPU.ActiveCfg = Release|Any CPU
		{8D74E383-8A36-464A-B718-AFCE5D5E2DD3}.Release|Any CPU.Build.0 = Release|Any CPU
		{B2C60347-C9A1-49FA-B4DE-9F5C8F55A7F4}.Debug|Any CPU.ActiveCfg = Debug|Any CPU
		{B2C60347-C9A1-49FA-B4DE-9F5C8F55A7F4}.Debug|Any CPU.Build.0 = Debug|Any CPU
		{B2C60347-C9A1-49FA-B4DE-9F5C8F55A7F4}.Release|Any CPU.ActiveCfg = Release|Any CPU
		{B2C60347-C9A1-49FA-B4DE-9F5C8F55A7F4}.Release|Any CPU.Build.0 = Release|Any CPU
		{418F10B2-7A95-4108-8363-852AA78AA2E4}.Debug|Any CPU.ActiveCfg = Debug|Any CPU
		{418F10B2-7A95-4108-8363-852AA78AA2E4}.Debug|Any CPU.Build.0 = Debug|Any CPU
		{418F10B2-7A95-4108-8363-852AA78AA2E4}.Release|Any CPU.ActiveCfg = Release|Any CPU
		{418F10B2-7A95-4108-8363-852AA78AA2E4}.Release|Any CPU.Build.0 = Release|Any CPU
		{7BE51506-D837-4C7A-99C5-2B38EE018005}.Debug|Any CPU.ActiveCfg = Debug|Any CPU
		{7BE51506-D837-4C7A-99C5-2B38EE018005}.Debug|Any CPU.Build.0 = Debug|Any CPU
		{7BE51506-D837-4C7A-99C5-2B38EE018005}.Release|Any CPU.ActiveCfg = Release|Any CPU
		{7BE51506-D837-4C7A-99C5-2B38EE018005}.Release|Any CPU.Build.0 = Release|Any CPU
		{5B20A10D-37A1-4398-BAF0-39669D4AB0A8}.Debug|Any CPU.ActiveCfg = Debug|Any CPU
		{5B20A10D-37A1-4398-BAF0-39669D4AB0A8}.Debug|Any CPU.Build.0 = Debug|Any CPU
		{5B20A10D-37A1-4398-BAF0-39669D4AB0A8}.Release|Any CPU.ActiveCfg = Release|Any CPU
		{5B20A10D-37A1-4398-BAF0-39669D4AB0A8}.Release|Any CPU.Build.0 = Release|Any CPU
		{F8FB81AF-C4A3-4567-9658-85BE3EF5596A}.Debug|Any CPU.ActiveCfg = Debug|Any CPU
		{F8FB81AF-C4A3-4567-9658-85BE3EF5596A}.Debug|Any CPU.Build.0 = Debug|Any CPU
		{F8FB81AF-C4A3-4567-9658-85BE3EF5596A}.Release|Any CPU.ActiveCfg = Release|Any CPU
		{F8FB81AF-C4A3-4567-9658-85BE3EF5596A}.Release|Any CPU.Build.0 = Release|Any CPU
		{F9DB7EB9-A2A6-49F1-9BBD-E407668FD22B}.Debug|Any CPU.ActiveCfg = Debug|Any CPU
		{F9DB7EB9-A2A6-49F1-9BBD-E407668FD22B}.Debug|Any CPU.Build.0 = Debug|Any CPU
		{F9DB7EB9-A2A6-49F1-9BBD-E407668FD22B}.Release|Any CPU.ActiveCfg = Release|Any CPU
		{F9DB7EB9-A2A6-49F1-9BBD-E407668FD22B}.Release|Any CPU.Build.0 = Release|Any CPU
		{93D0A373-7D7B-412A-A168-EBABB467FAA8}.Debug|Any CPU.ActiveCfg = Debug|Any CPU
		{93D0A373-7D7B-412A-A168-EBABB467FAA8}.Debug|Any CPU.Build.0 = Debug|Any CPU
		{93D0A373-7D7B-412A-A168-EBABB467FAA8}.Release|Any CPU.ActiveCfg = Release|Any CPU
		{93D0A373-7D7B-412A-A168-EBABB467FAA8}.Release|Any CPU.Build.0 = Release|Any CPU
	EndGlobalSection
	GlobalSection(SolutionProperties) = preSolution
		HideSolutionNode = FALSE
	EndGlobalSection
	GlobalSection(NestedProjects) = preSolution
		{147DD7B1-AC31-4C79-A51A-A535263F9578} = {4B5E1F59-30E3-4FCA-8455-8A3565B3A0EF}
		{5273649E-8BC4-4119-8455-49AA28C66A98} = {4B5E1F59-30E3-4FCA-8455-8A3565B3A0EF}
		{6A893C6C-FD68-4064-8A6D-6455CE6CF8C2} = {4B5E1F59-30E3-4FCA-8455-8A3565B3A0EF}
		{30167A9C-8CB5-481B-8E9B-12FDC98970CF} = {4B5E1F59-30E3-4FCA-8455-8A3565B3A0EF}
		{D7ED8D4E-1251-460E-BBA1-519A12FA9449} = {4B5E1F59-30E3-4FCA-8455-8A3565B3A0EF}
		{F02CE233-6F51-4936-8341-0AEB90FA15EC} = {4B5E1F59-30E3-4FCA-8455-8A3565B3A0EF}
		{5353188A-F89B-4252-8249-4AEEEE28B7BA} = {4B5E1F59-30E3-4FCA-8455-8A3565B3A0EF}
		{E98969B8-F1F5-45E7-A1CC-2616BBFC7136} = {4B5E1F59-30E3-4FCA-8455-8A3565B3A0EF}
		{F3D455E9-722A-44CD-B258-8343FAAEE68C} = {4B5E1F59-30E3-4FCA-8455-8A3565B3A0EF}
		{14DBF3FA-4F71-422E-A7E5-3CDCDCF6FD93} = {4B5E1F59-30E3-4FCA-8455-8A3565B3A0EF}
		{334D03CE-EB09-48DF-A1A5-363AE0341806} = {4B5E1F59-30E3-4FCA-8455-8A3565B3A0EF}
		{8AA464CD-0604-4D31-919B-DE2C7498982B} = {4B5E1F59-30E3-4FCA-8455-8A3565B3A0EF}
		{6E3DA00B-DE4E-4BB7-9935-9A2C603ADD12} = {4B5E1F59-30E3-4FCA-8455-8A3565B3A0EF}
		{9C4839BE-80F5-4D85-99C5-21A8215F288A} = {4B5E1F59-30E3-4FCA-8455-8A3565B3A0EF}
		{195D8F8C-3183-4E62-A195-FD947E375A92} = {4B5E1F59-30E3-4FCA-8455-8A3565B3A0EF}
		{CD970EFC-BCA2-42D6-A130-79265B531CFA} = {4B5E1F59-30E3-4FCA-8455-8A3565B3A0EF}
		{8D74E383-8A36-464A-B718-AFCE5D5E2DD3} = {4B5E1F59-30E3-4FCA-8455-8A3565B3A0EF}
		{B2C60347-C9A1-49FA-B4DE-9F5C8F55A7F4} = {4B5E1F59-30E3-4FCA-8455-8A3565B3A0EF}
		{418F10B2-7A95-4108-8363-852AA78AA2E4} = {4B5E1F59-30E3-4FCA-8455-8A3565B3A0EF}
		{7BE51506-D837-4C7A-99C5-2B38EE018005} = {4B5E1F59-30E3-4FCA-8455-8A3565B3A0EF}
		{5B20A10D-37A1-4398-BAF0-39669D4AB0A8} = {4B5E1F59-30E3-4FCA-8455-8A3565B3A0EF}
		{F8FB81AF-C4A3-4567-9658-85BE3EF5596A} = {4B5E1F59-30E3-4FCA-8455-8A3565B3A0EF}
		{F9DB7EB9-A2A6-49F1-9BBD-E407668FD22B} = {4B5E1F59-30E3-4FCA-8455-8A3565B3A0EF}
		{93D0A373-7D7B-412A-A168-EBABB467FAA8} = {4B5E1F59-30E3-4FCA-8455-8A3565B3A0EF}
	EndGlobalSection
	GlobalSection(ExtensibilityGlobals) = postSolution
		SolutionGuid = {AF7CA16F-8C38-4546-87A2-5DAAF58A1520}
	EndGlobalSection
EndGlobal
