
Microsoft Visual Studio Solution File, Format Version 12.00
# Visual Studio Version 16
VisualStudioVersion = 25.0.1706.9
MinimumVisualStudioVersion = 10.0.40219.1
Project("{FAE04EC0-301F-11D3-BF4B-00C04F79EFBC}") = "AtlasScientificGravityDOMeter_Sample", "AtlasScientificGravityDOMeter_Sample.csproj", "{734CB070-4D23-4FFD-83A3-2A0FDF87C230}"
EndProject
Global
	GlobalSection(SolutionConfigurationPlatforms) = preSolution
		Debug|Any CPU = Debug|Any CPU
		Release|Any CPU = Release|Any CPU
	EndGlobalSection
	GlobalSection(ProjectConfigurationPlatforms) = postSolution
		{734CB070-4D23-4FFD-83A3-2A0FDF87C230}.Debug|Any CPU.ActiveCfg = Debug|Any CPU
		{734CB070-4D23-4FFD-83A3-2A0FDF87C230}.Debug|Any CPU.Build.0 = Debug|Any CPU
		{734CB070-4D23-4FFD-83A3-2A0FDF87C230}.Release|Any CPU.ActiveCfg = Release|Any CPU
		{734CB070-4D23-4FFD-83A3-2A0FDF87C230}.Release|Any CPU.Build.0 = Release|Any CPU
	EndGlobalSection
	GlobalSection(SolutionProperties) = preSolution
		HideSolutionNode = FALSE
	EndGlobalSection
	GlobalSection(ExtensibilityGlobals) = postSolution
		SolutionGuid = {05DF7998-01AD-4D0D-96D1-D68AB8CD7E2A}
	EndGlobalSection
EndGlobal
