
Microsoft Visual Studio Solution File, Format Version 12.00
# Visual Studio 15
Project("{FAE04EC0-301F-11D3-BF4B-00C04F79EFBC}") = "Meadow.Foundation.Core", "..\..\..\Meadow.Foundation.Core\Meadow.Foundation.Core.csproj", "{18715522-465F-4F7F-A5CB-13FF3F4E7C9C}"
EndProject
Project("{FAE04EC0-301F-11D3-BF4B-00C04F79EFBC}") = "Meadow.Core", "..\..\..\..\..\Meadow.Core\source\Meadow.Core\Meadow.Core.csproj", "{A65DC644-DFAC-48B2-A90A-EC9934F198D3}"
EndProject
Project("{FAE04EC0-301F-11D3-BF4B-00C04F79EFBC}") = "Displays.TextDisplayMenu", "..\Displays.TextDisplayMenu.csproj", "{F634FBDA-0ED3-4F41-8BB2-6BD90E907C23}"
EndProject
Project("{FAE04EC0-301F-11D3-BF4B-00C04F79EFBC}") = "Displays.GraphicsLibrary", "..\..\Displays.GraphicsLibrary\Displays.GraphicsLibrary.csproj", "{39BDFD32-99AC-4473-916E-90E77CD05CDA}"
EndProject
Project("{FAE04EC0-301F-11D3-BF4B-00C04F79EFBC}") = "Displays.Ssd1306", "..\..\..\Meadow.Foundation.Peripherals\Displays.Ssd1306\Driver\Displays.Ssd1306\Displays.Ssd1306.csproj", "{B7A30BB3-773D-46D3-8BDA-1E2653095710}"
EndProject
Project("{FAE04EC0-301F-11D3-BF4B-00C04F79EFBC}") = "Displays.TextDisplayMenu_Sample", "..\..\Samples\Displays.TextDisplayMenu_Sample\Displays.TextDisplayMenu_Sample.csproj", "{CACC3DFA-4842-474B-8DF3-4A1066985D1F}"
EndProject
Global
	GlobalSection(SolutionConfigurationPlatforms) = preSolution
		Debug|Any CPU = Debug|Any CPU
		Release|Any CPU = Release|Any CPU
	EndGlobalSection
	GlobalSection(ProjectConfigurationPlatforms) = postSolution
		{18715522-465F-4F7F-A5CB-13FF3F4E7C9C}.Debug|Any CPU.ActiveCfg = Debug|Any CPU
		{18715522-465F-4F7F-A5CB-13FF3F4E7C9C}.Debug|Any CPU.Build.0 = Debug|Any CPU
		{18715522-465F-4F7F-A5CB-13FF3F4E7C9C}.Release|Any CPU.ActiveCfg = Release|Any CPU
		{18715522-465F-4F7F-A5CB-13FF3F4E7C9C}.Release|Any CPU.Build.0 = Release|Any CPU
		{A65DC644-DFAC-48B2-A90A-EC9934F198D3}.Debug|Any CPU.ActiveCfg = Debug|Any CPU
		{A65DC644-DFAC-48B2-A90A-EC9934F198D3}.Debug|Any CPU.Build.0 = Debug|Any CPU
		{A65DC644-DFAC-48B2-A90A-EC9934F198D3}.Release|Any CPU.ActiveCfg = Release|Any CPU
		{A65DC644-DFAC-48B2-A90A-EC9934F198D3}.Release|Any CPU.Build.0 = Release|Any CPU
		{F634FBDA-0ED3-4F41-8BB2-6BD90E907C23}.Debug|Any CPU.ActiveCfg = Debug|Any CPU
		{F634FBDA-0ED3-4F41-8BB2-6BD90E907C23}.Debug|Any CPU.Build.0 = Debug|Any CPU
		{F634FBDA-0ED3-4F41-8BB2-6BD90E907C23}.Release|Any CPU.ActiveCfg = Release|Any CPU
		{F634FBDA-0ED3-4F41-8BB2-6BD90E907C23}.Release|Any CPU.Build.0 = Release|Any CPU
		{39BDFD32-99AC-4473-916E-90E77CD05CDA}.Debug|Any CPU.ActiveCfg = Debug|Any CPU
		{39BDFD32-99AC-4473-916E-90E77CD05CDA}.Debug|Any CPU.Build.0 = Debug|Any CPU
		{39BDFD32-99AC-4473-916E-90E77CD05CDA}.Release|Any CPU.ActiveCfg = Release|Any CPU
		{39BDFD32-99AC-4473-916E-90E77CD05CDA}.Release|Any CPU.Build.0 = Release|Any CPU
		{B7A30BB3-773D-46D3-8BDA-1E2653095710}.Debug|Any CPU.ActiveCfg = Debug|Any CPU
		{B7A30BB3-773D-46D3-8BDA-1E2653095710}.Debug|Any CPU.Build.0 = Debug|Any CPU
		{B7A30BB3-773D-46D3-8BDA-1E2653095710}.Release|Any CPU.ActiveCfg = Release|Any CPU
		{B7A30BB3-773D-46D3-8BDA-1E2653095710}.Release|Any CPU.Build.0 = Release|Any CPU
		{CACC3DFA-4842-474B-8DF3-4A1066985D1F}.Debug|Any CPU.ActiveCfg = Debug|Any CPU
		{CACC3DFA-4842-474B-8DF3-4A1066985D1F}.Debug|Any CPU.Build.0 = Debug|Any CPU
		{CACC3DFA-4842-474B-8DF3-4A1066985D1F}.Release|Any CPU.ActiveCfg = Release|Any CPU
		{CACC3DFA-4842-474B-8DF3-4A1066985D1F}.Release|Any CPU.Build.0 = Release|Any CPU
	EndGlobalSection
EndGlobal
