
Microsoft Visual Studio Solution File, Format Version 12.00
# Visual Studio Version 17
VisualStudioVersion = 17.3.32901.215
MinimumVisualStudioVersion = 10.0.40219.1
Project("{2150E333-8FDC-42A3-9474-1A3956D46DE8}") = "Meadow.Foundation.Core.Samples", "Meadow.Foundation.Core.Samples", "{7EBB4434-F29C-4316-BEDC-F28F07CE4AC8}"
EndProject
Project("{9A19103F-16F7-4668-BE54-9A1E7A4F7556}") = "Audio.PiezoSpeaker_Sample", "Meadow.Foundation.Core.Samples\Audio.PiezoSpeaker_Sample\Audio.PiezoSpeaker_Sample.csproj", "{74F47C15-1293-404A-8C92-0F72A3DE7BA7}"
EndProject
Project("{9A19103F-16F7-4668-BE54-9A1E7A4F7556}") = "Leds.Led_Sample", "Meadow.Foundation.Core.Samples\Leds.Led_Sample\Leds.Led_Sample.csproj", "{87C64FBE-1AB8-46A2-B9E3-CCB1CF0BDE58}"
EndProject
Project("{9A19103F-16F7-4668-BE54-9A1E7A4F7556}") = "Leds.LedBarGraph_Sample", "Meadow.Foundation.Core.Samples\Leds.LedBarGraph_Sample\Leds.LedBarGraph_Sample.csproj", "{3CC352EE-8A5C-45CE-A2B7-71E11733D5DA}"
EndProject
Project("{9A19103F-16F7-4668-BE54-9A1E7A4F7556}") = "Leds.PwmLed_Sample", "Meadow.Foundation.Core.Samples\Leds.PwmLed_Sample\Leds.PwmLed_Sample.csproj", "{90A0ADDA-0CC2-491B-9140-DFE086EA66FC}"
EndProject
Project("{9A19103F-16F7-4668-BE54-9A1E7A4F7556}") = "Leds.RgbLed_Sample", "Meadow.Foundation.Core.Samples\Leds.RgbLed_Sample\Leds.RgbLed_Sample.csproj", "{20A24104-F8EF-4BDD-99F7-145CA63645B0}"
EndProject
Project("{9A19103F-16F7-4668-BE54-9A1E7A4F7556}") = "Leds.RgbPwmLed_Sample", "Meadow.Foundation.Core.Samples\Leds.RgbPwmLed_Sample\Leds.RgbPwmLed_Sample.csproj", "{5C0F8C22-10FB-4D50-B87B-41558A87B30A}"
EndProject
Project("{9A19103F-16F7-4668-BE54-9A1E7A4F7556}") = "Motor.HBridgeMotor_Sample", "Meadow.Foundation.Core.Samples\Motor.HBridgeMotor_Sample\Motor.HBridgeMotor_Sample.csproj", "{05896551-6032-48C3-B847-79DEA73D5143}"
EndProject
Project("{9A19103F-16F7-4668-BE54-9A1E7A4F7556}") = "Relays.Relay_Sample", "Meadow.Foundation.Core.Samples\Relays.Relay_Sample\Relays.Relay_Sample.csproj", "{28967B13-8651-4E28-B1E9-5D99D43DE202}"
EndProject
Project("{9A19103F-16F7-4668-BE54-9A1E7A4F7556}") = "Sensors.Buttons.PushButton_Sample", "Meadow.Foundation.Core.Samples\Sensors.Buttons.PushButton_Sample\Sensors.Buttons.PushButton_Sample.csproj", "{2D4A6B45-101D-49F4-B4BD-8A47B8A98098}"
EndProject
Project("{9A19103F-16F7-4668-BE54-9A1E7A4F7556}") = "Sensors.Rotary.RotaryEncoder_Sample", "Meadow.Foundation.Core.Samples\Sensors.Rotary.RotaryEncoder_Sample\Sensors.Rotary.RotaryEncoder_Sample.csproj", "{5C1D514B-B80F-40E1-9CAA-7BE94BC42E1D}"
EndProject
Project("{9A19103F-16F7-4668-BE54-9A1E7A4F7556}") = "Sensors.Rotary.RotaryEncoderWithButton_Sample", "Meadow.Foundation.Core.Samples\Sensors.Rotary.RotaryEncoderWithButton_Sample\Sensors.Rotary.RotaryEncoderWithButton_Sample.csproj", "{26EC0711-624C-48E1-A4A6-A55FD2249139}"
EndProject
Project("{9A19103F-16F7-4668-BE54-9A1E7A4F7556}") = "Sensors.Switches.DipSwitch_Sample", "Meadow.Foundation.Core.Samples\Sensors.Switches.DipSwitch_Sample\Sensors.Switches.DipSwitch_Sample.csproj", "{634CA076-F37B-4700-9FC4-58B1BD490627}"
EndProject
Project("{9A19103F-16F7-4668-BE54-9A1E7A4F7556}") = "Sensors.Switches.SpdtSwitch_Sample", "Meadow.Foundation.Core.Samples\Sensors.Switches.SpdtSwitch_Sample\Sensors.Switches.SpdtSwitch_Sample.csproj", "{FD938FD6-64B5-4B12-AD1B-42D4D401486C}"
EndProject
Project("{9A19103F-16F7-4668-BE54-9A1E7A4F7556}") = "Sensors.Switches.SpstSwitch_Sample", "Meadow.Foundation.Core.Samples\Sensors.Switches.SpstSwitch_Sample\Sensors.Switches.SpstSwitch_Sample.csproj", "{091CF87A-BF50-44B5-BA3A-2D4BFB56E111}"
EndProject
Project("{9A19103F-16F7-4668-BE54-9A1E7A4F7556}") = "Sensors.Temperature.AnalogTemperature_Sample", "Meadow.Foundation.Core.Samples\Sensors.Temperature.AnalogTemperature_Sample\Sensors.Temperature.AnalogTemperature_Sample.csproj", "{105C53A9-4421-4A54-BF09-533D54BABECC}"
EndProject
Project("{9A19103F-16F7-4668-BE54-9A1E7A4F7556}") = "Leds.PwmLed_Onboard_Sample", "Meadow.Foundation.Core.Samples\Leds.PwmLed_Onboard_Sample\Leds.PwmLed_Onboard_Sample.csproj", "{62B9655A-0C9E-4B4A-97DF-D0CE58921AE0}"
EndProject
Project("{9A19103F-16F7-4668-BE54-9A1E7A4F7556}") = "Leds.RgbPwmLed_Onboard_Sample", "Meadow.Foundation.Core.Samples\Leds.RgbPwmLed_Onboard_Sample\Leds.RgbPwmLed_Onboard_Sample.csproj", "{345A5215-F14F-41AB-844B-9445EE657A1D}"
EndProject
Project("{9A19103F-16F7-4668-BE54-9A1E7A4F7556}") = "Sensors.Hid.AnalogJoystick_Sample", "Meadow.Foundation.Core.Samples\Sensors.Hid.AnalogJoystick_Sample\Sensors.Hid.AnalogJoystick_Sample.csproj", "{50D09365-81F0-4313-A7AF-F2CD76DE4998}"
EndProject
Project("{2150E333-8FDC-42A3-9474-1A3956D46DE8}") = "_External", "_External", "{65C50059-6C22-43E9-88DE-AD73F7F108C8}"
	ProjectSection(SolutionItems) = preProject
		Meadow.Foundation.sln = Meadow.Foundation.sln
	EndProjectSection
EndProject
Project("{9A19103F-16F7-4668-BE54-9A1E7A4F7556}") = "Sensors.HallEffect_Sample", "Meadow.Foundation.Core.Samples\Sensors.HallEffect_Sample\Sensors.HallEffect_Sample.csproj", "{F4FD40F9-B7F2-4A89-8647-7D3CDDF95289}"
EndProject
Project("{9A19103F-16F7-4668-BE54-9A1E7A4F7556}") = "Leds.PwmLedBarGraph_Sample", "Meadow.Foundation.Core.Samples\Leds.PwmLedBarGraph_Sample\Leds.PwmLedBarGraph_Sample.csproj", "{3AC2D665-8360-4367-9606-F633CA743C9E}"
EndProject
Project("{9A19103F-16F7-4668-BE54-9A1E7A4F7556}") = "Meadow.Foundation.Core", "Meadow.Foundation.Core\Meadow.Foundation.Core.csproj", "{A237BE35-0618-4B9B-A409-A3AC22053B53}"
EndProject
Project("{9A19103F-16F7-4668-BE54-9A1E7A4F7556}") = "Sensors.Buttons.PushButton_BasicSample", "Meadow.Foundation.Core.Samples\Sensors.Buttons.PushButton_BasicSample\Sensors.Buttons.PushButton_BasicSample.csproj", "{2FFEB068-12D2-4EF6-B3CE-767F2E223177}"
EndProject
Project("{9A19103F-16F7-4668-BE54-9A1E7A4F7556}") = "Meadow.Core", "..\..\Meadow.Core\source\Meadow.Core\Meadow.Core.csproj", "{77B32370-BC64-4C68-925C-BDE09360F694}"
EndProject
Project("{9A19103F-16F7-4668-BE54-9A1E7A4F7556}") = "Meadow.F7", "..\..\Meadow.Core\source\implementations\f7\Meadow.F7\Meadow.F7.csproj", "{6DAB0421-4F17-477C-B171-6AF2336C8B04}"
EndProject
Project("{9A19103F-16F7-4668-BE54-9A1E7A4F7556}") = "Sensors.Environmental.AnalogWaterLevel_Sample", "Meadow.Foundation.Core.Samples\Sensors.Environmental.AnalogWaterLevel_Sample\Sensors.Environmental.AnalogWaterLevel_Sample.csproj", "{5224C344-5797-4D05-A4AA-835E576F6B9D}"
EndProject
Project("{9A19103F-16F7-4668-BE54-9A1E7A4F7556}") = "Meadow.Contracts", "..\..\Meadow.Contracts\Source\Meadow.Contracts\Meadow.Contracts.csproj", "{150569EE-4053-4097-98EE-A455287610B5}"
EndProject
Project("{9A19103F-16F7-4668-BE54-9A1E7A4F7556}") = "Meadow.Units", "..\..\Meadow.Units\Source\Meadow.Units\Meadow.Units.csproj", "{46394970-4495-408F-8A9C-31BEBC47E899}"
EndProject
Project("{9A19103F-16F7-4668-BE54-9A1E7A4F7556}") = "Generators.SoftPwmPort_Sample", "Meadow.Foundation.Core.Samples\Generators.SoftPwmPort_Sample\Generators.SoftPwmPort_Sample.csproj", "{07F091E6-76EA-4A01-AB96-BF48EB87412A}"
EndProject
Project("{9A19103F-16F7-4668-BE54-9A1E7A4F7556}") = "Meadow.Logging", "..\..\Meadow.Logging\lib\Meadow.Logging.csproj", "{02C5745B-756A-49C4-A7A8-B8D07A818268}"
EndProject
Project("{9A19103F-16F7-4668-BE54-9A1E7A4F7556}") = "MQTTnet", "..\..\MQTTnet\Source\MQTTnet\MQTTnet.csproj", "{810BF526-53F8-4DFB-A32A-A67CB5FFF785}"
EndProject
Project("{9A19103F-16F7-4668-BE54-9A1E7A4F7556}") = "Sensors.Light.AnalogLightSensor_Sample", "Meadow.Foundation.Core.Samples\Sensors.Light.AnalogLightSensor_Sample\Sensors.Light.AnalogLightSensor_Sample.csproj", "{5A2538C7-D110-4DFB-A77B-C328CDDF7848}"
EndProject
Global
	GlobalSection(SolutionConfigurationPlatforms) = preSolution
		Debug|Any CPU = Debug|Any CPU
		Release|Any CPU = Release|Any CPU
	EndGlobalSection
	GlobalSection(ProjectConfigurationPlatforms) = postSolution
		{74F47C15-1293-404A-8C92-0F72A3DE7BA7}.Debug|Any CPU.ActiveCfg = Debug|Any CPU
		{74F47C15-1293-404A-8C92-0F72A3DE7BA7}.Debug|Any CPU.Build.0 = Debug|Any CPU
		{74F47C15-1293-404A-8C92-0F72A3DE7BA7}.Release|Any CPU.ActiveCfg = Release|Any CPU
		{74F47C15-1293-404A-8C92-0F72A3DE7BA7}.Release|Any CPU.Build.0 = Release|Any CPU
		{87C64FBE-1AB8-46A2-B9E3-CCB1CF0BDE58}.Debug|Any CPU.ActiveCfg = Debug|Any CPU
		{87C64FBE-1AB8-46A2-B9E3-CCB1CF0BDE58}.Debug|Any CPU.Build.0 = Debug|Any CPU
		{87C64FBE-1AB8-46A2-B9E3-CCB1CF0BDE58}.Release|Any CPU.ActiveCfg = Release|Any CPU
		{87C64FBE-1AB8-46A2-B9E3-CCB1CF0BDE58}.Release|Any CPU.Build.0 = Release|Any CPU
		{3CC352EE-8A5C-45CE-A2B7-71E11733D5DA}.Debug|Any CPU.ActiveCfg = Debug|Any CPU
		{3CC352EE-8A5C-45CE-A2B7-71E11733D5DA}.Debug|Any CPU.Build.0 = Debug|Any CPU
		{3CC352EE-8A5C-45CE-A2B7-71E11733D5DA}.Release|Any CPU.ActiveCfg = Release|Any CPU
		{3CC352EE-8A5C-45CE-A2B7-71E11733D5DA}.Release|Any CPU.Build.0 = Release|Any CPU
		{90A0ADDA-0CC2-491B-9140-DFE086EA66FC}.Debug|Any CPU.ActiveCfg = Debug|Any CPU
		{90A0ADDA-0CC2-491B-9140-DFE086EA66FC}.Debug|Any CPU.Build.0 = Debug|Any CPU
		{90A0ADDA-0CC2-491B-9140-DFE086EA66FC}.Release|Any CPU.ActiveCfg = Release|Any CPU
		{90A0ADDA-0CC2-491B-9140-DFE086EA66FC}.Release|Any CPU.Build.0 = Release|Any CPU
		{20A24104-F8EF-4BDD-99F7-145CA63645B0}.Debug|Any CPU.ActiveCfg = Debug|Any CPU
		{20A24104-F8EF-4BDD-99F7-145CA63645B0}.Debug|Any CPU.Build.0 = Debug|Any CPU
		{20A24104-F8EF-4BDD-99F7-145CA63645B0}.Release|Any CPU.ActiveCfg = Release|Any CPU
		{20A24104-F8EF-4BDD-99F7-145CA63645B0}.Release|Any CPU.Build.0 = Release|Any CPU
		{5C0F8C22-10FB-4D50-B87B-41558A87B30A}.Debug|Any CPU.ActiveCfg = Debug|Any CPU
		{5C0F8C22-10FB-4D50-B87B-41558A87B30A}.Debug|Any CPU.Build.0 = Debug|Any CPU
		{5C0F8C22-10FB-4D50-B87B-41558A87B30A}.Release|Any CPU.ActiveCfg = Release|Any CPU
		{5C0F8C22-10FB-4D50-B87B-41558A87B30A}.Release|Any CPU.Build.0 = Release|Any CPU
		{05896551-6032-48C3-B847-79DEA73D5143}.Debug|Any CPU.ActiveCfg = Debug|Any CPU
		{05896551-6032-48C3-B847-79DEA73D5143}.Debug|Any CPU.Build.0 = Debug|Any CPU
		{05896551-6032-48C3-B847-79DEA73D5143}.Release|Any CPU.ActiveCfg = Release|Any CPU
		{05896551-6032-48C3-B847-79DEA73D5143}.Release|Any CPU.Build.0 = Release|Any CPU
		{28967B13-8651-4E28-B1E9-5D99D43DE202}.Debug|Any CPU.ActiveCfg = Debug|Any CPU
		{28967B13-8651-4E28-B1E9-5D99D43DE202}.Debug|Any CPU.Build.0 = Debug|Any CPU
		{28967B13-8651-4E28-B1E9-5D99D43DE202}.Release|Any CPU.ActiveCfg = Release|Any CPU
		{28967B13-8651-4E28-B1E9-5D99D43DE202}.Release|Any CPU.Build.0 = Release|Any CPU
		{2D4A6B45-101D-49F4-B4BD-8A47B8A98098}.Debug|Any CPU.ActiveCfg = Debug|Any CPU
		{2D4A6B45-101D-49F4-B4BD-8A47B8A98098}.Debug|Any CPU.Build.0 = Debug|Any CPU
		{2D4A6B45-101D-49F4-B4BD-8A47B8A98098}.Release|Any CPU.ActiveCfg = Release|Any CPU
		{2D4A6B45-101D-49F4-B4BD-8A47B8A98098}.Release|Any CPU.Build.0 = Release|Any CPU
		{5C1D514B-B80F-40E1-9CAA-7BE94BC42E1D}.Debug|Any CPU.ActiveCfg = Debug|Any CPU
		{5C1D514B-B80F-40E1-9CAA-7BE94BC42E1D}.Debug|Any CPU.Build.0 = Debug|Any CPU
		{5C1D514B-B80F-40E1-9CAA-7BE94BC42E1D}.Release|Any CPU.ActiveCfg = Release|Any CPU
		{5C1D514B-B80F-40E1-9CAA-7BE94BC42E1D}.Release|Any CPU.Build.0 = Release|Any CPU
		{26EC0711-624C-48E1-A4A6-A55FD2249139}.Debug|Any CPU.ActiveCfg = Debug|Any CPU
		{26EC0711-624C-48E1-A4A6-A55FD2249139}.Debug|Any CPU.Build.0 = Debug|Any CPU
		{26EC0711-624C-48E1-A4A6-A55FD2249139}.Release|Any CPU.ActiveCfg = Release|Any CPU
		{26EC0711-624C-48E1-A4A6-A55FD2249139}.Release|Any CPU.Build.0 = Release|Any CPU
		{634CA076-F37B-4700-9FC4-58B1BD490627}.Debug|Any CPU.ActiveCfg = Debug|Any CPU
		{634CA076-F37B-4700-9FC4-58B1BD490627}.Debug|Any CPU.Build.0 = Debug|Any CPU
		{634CA076-F37B-4700-9FC4-58B1BD490627}.Release|Any CPU.ActiveCfg = Release|Any CPU
		{634CA076-F37B-4700-9FC4-58B1BD490627}.Release|Any CPU.Build.0 = Release|Any CPU
		{FD938FD6-64B5-4B12-AD1B-42D4D401486C}.Debug|Any CPU.ActiveCfg = Debug|Any CPU
		{FD938FD6-64B5-4B12-AD1B-42D4D401486C}.Debug|Any CPU.Build.0 = Debug|Any CPU
		{FD938FD6-64B5-4B12-AD1B-42D4D401486C}.Release|Any CPU.ActiveCfg = Release|Any CPU
		{FD938FD6-64B5-4B12-AD1B-42D4D401486C}.Release|Any CPU.Build.0 = Release|Any CPU
		{091CF87A-BF50-44B5-BA3A-2D4BFB56E111}.Debug|Any CPU.ActiveCfg = Debug|Any CPU
		{091CF87A-BF50-44B5-BA3A-2D4BFB56E111}.Debug|Any CPU.Build.0 = Debug|Any CPU
		{091CF87A-BF50-44B5-BA3A-2D4BFB56E111}.Release|Any CPU.ActiveCfg = Release|Any CPU
		{091CF87A-BF50-44B5-BA3A-2D4BFB56E111}.Release|Any CPU.Build.0 = Release|Any CPU
		{105C53A9-4421-4A54-BF09-533D54BABECC}.Debug|Any CPU.ActiveCfg = Debug|Any CPU
		{105C53A9-4421-4A54-BF09-533D54BABECC}.Debug|Any CPU.Build.0 = Debug|Any CPU
		{105C53A9-4421-4A54-BF09-533D54BABECC}.Release|Any CPU.ActiveCfg = Release|Any CPU
		{105C53A9-4421-4A54-BF09-533D54BABECC}.Release|Any CPU.Build.0 = Release|Any CPU
		{62B9655A-0C9E-4B4A-97DF-D0CE58921AE0}.Debug|Any CPU.ActiveCfg = Debug|Any CPU
		{62B9655A-0C9E-4B4A-97DF-D0CE58921AE0}.Debug|Any CPU.Build.0 = Debug|Any CPU
		{62B9655A-0C9E-4B4A-97DF-D0CE58921AE0}.Release|Any CPU.ActiveCfg = Release|Any CPU
		{62B9655A-0C9E-4B4A-97DF-D0CE58921AE0}.Release|Any CPU.Build.0 = Release|Any CPU
		{345A5215-F14F-41AB-844B-9445EE657A1D}.Debug|Any CPU.ActiveCfg = Debug|Any CPU
		{345A5215-F14F-41AB-844B-9445EE657A1D}.Debug|Any CPU.Build.0 = Debug|Any CPU
		{345A5215-F14F-41AB-844B-9445EE657A1D}.Release|Any CPU.ActiveCfg = Release|Any CPU
		{345A5215-F14F-41AB-844B-9445EE657A1D}.Release|Any CPU.Build.0 = Release|Any CPU
		{50D09365-81F0-4313-A7AF-F2CD76DE4998}.Debug|Any CPU.ActiveCfg = Debug|Any CPU
		{50D09365-81F0-4313-A7AF-F2CD76DE4998}.Debug|Any CPU.Build.0 = Debug|Any CPU
		{50D09365-81F0-4313-A7AF-F2CD76DE4998}.Release|Any CPU.ActiveCfg = Release|Any CPU
		{50D09365-81F0-4313-A7AF-F2CD76DE4998}.Release|Any CPU.Build.0 = Release|Any CPU
		{F4FD40F9-B7F2-4A89-8647-7D3CDDF95289}.Debug|Any CPU.ActiveCfg = Debug|Any CPU
		{F4FD40F9-B7F2-4A89-8647-7D3CDDF95289}.Debug|Any CPU.Build.0 = Debug|Any CPU
		{F4FD40F9-B7F2-4A89-8647-7D3CDDF95289}.Debug|Any CPU.Deploy.0 = Debug|Any CPU
		{F4FD40F9-B7F2-4A89-8647-7D3CDDF95289}.Release|Any CPU.ActiveCfg = Release|Any CPU
		{F4FD40F9-B7F2-4A89-8647-7D3CDDF95289}.Release|Any CPU.Build.0 = Release|Any CPU
		{F4FD40F9-B7F2-4A89-8647-7D3CDDF95289}.Release|Any CPU.Deploy.0 = Release|Any CPU
		{3AC2D665-8360-4367-9606-F633CA743C9E}.Debug|Any CPU.ActiveCfg = Debug|Any CPU
		{3AC2D665-8360-4367-9606-F633CA743C9E}.Debug|Any CPU.Build.0 = Debug|Any CPU
		{3AC2D665-8360-4367-9606-F633CA743C9E}.Debug|Any CPU.Deploy.0 = Debug|Any CPU
		{3AC2D665-8360-4367-9606-F633CA743C9E}.Release|Any CPU.ActiveCfg = Release|Any CPU
		{3AC2D665-8360-4367-9606-F633CA743C9E}.Release|Any CPU.Build.0 = Release|Any CPU
		{3AC2D665-8360-4367-9606-F633CA743C9E}.Release|Any CPU.Deploy.0 = Release|Any CPU
		{A237BE35-0618-4B9B-A409-A3AC22053B53}.Debug|Any CPU.ActiveCfg = Debug|Any CPU
		{A237BE35-0618-4B9B-A409-A3AC22053B53}.Debug|Any CPU.Build.0 = Debug|Any CPU
		{A237BE35-0618-4B9B-A409-A3AC22053B53}.Release|Any CPU.ActiveCfg = Release|Any CPU
		{A237BE35-0618-4B9B-A409-A3AC22053B53}.Release|Any CPU.Build.0 = Release|Any CPU
		{2FFEB068-12D2-4EF6-B3CE-767F2E223177}.Debug|Any CPU.ActiveCfg = Debug|Any CPU
		{2FFEB068-12D2-4EF6-B3CE-767F2E223177}.Debug|Any CPU.Build.0 = Debug|Any CPU
		{2FFEB068-12D2-4EF6-B3CE-767F2E223177}.Release|Any CPU.ActiveCfg = Release|Any CPU
		{2FFEB068-12D2-4EF6-B3CE-767F2E223177}.Release|Any CPU.Build.0 = Release|Any CPU
		{77B32370-BC64-4C68-925C-BDE09360F694}.Debug|Any CPU.ActiveCfg = Debug|Any CPU
		{77B32370-BC64-4C68-925C-BDE09360F694}.Debug|Any CPU.Build.0 = Debug|Any CPU
		{77B32370-BC64-4C68-925C-BDE09360F694}.Debug|Any CPU.Deploy.0 = Debug|Any CPU
		{77B32370-BC64-4C68-925C-BDE09360F694}.Release|Any CPU.ActiveCfg = Release|Any CPU
		{77B32370-BC64-4C68-925C-BDE09360F694}.Release|Any CPU.Build.0 = Release|Any CPU
		{77B32370-BC64-4C68-925C-BDE09360F694}.Release|Any CPU.Deploy.0 = Release|Any CPU
		{6DAB0421-4F17-477C-B171-6AF2336C8B04}.Debug|Any CPU.ActiveCfg = Debug|Any CPU
		{6DAB0421-4F17-477C-B171-6AF2336C8B04}.Debug|Any CPU.Build.0 = Debug|Any CPU
		{6DAB0421-4F17-477C-B171-6AF2336C8B04}.Debug|Any CPU.Deploy.0 = Debug|Any CPU
		{6DAB0421-4F17-477C-B171-6AF2336C8B04}.Release|Any CPU.ActiveCfg = Release|Any CPU
		{6DAB0421-4F17-477C-B171-6AF2336C8B04}.Release|Any CPU.Build.0 = Release|Any CPU
		{6DAB0421-4F17-477C-B171-6AF2336C8B04}.Release|Any CPU.Deploy.0 = Release|Any CPU
		{5224C344-5797-4D05-A4AA-835E576F6B9D}.Debug|Any CPU.ActiveCfg = Debug|Any CPU
		{5224C344-5797-4D05-A4AA-835E576F6B9D}.Debug|Any CPU.Build.0 = Debug|Any CPU
		{5224C344-5797-4D05-A4AA-835E576F6B9D}.Debug|Any CPU.Deploy.0 = Debug|Any CPU
		{5224C344-5797-4D05-A4AA-835E576F6B9D}.Release|Any CPU.ActiveCfg = Release|Any CPU
		{5224C344-5797-4D05-A4AA-835E576F6B9D}.Release|Any CPU.Build.0 = Release|Any CPU
		{5224C344-5797-4D05-A4AA-835E576F6B9D}.Release|Any CPU.Deploy.0 = Release|Any CPU
		{150569EE-4053-4097-98EE-A455287610B5}.Debug|Any CPU.ActiveCfg = Debug|Any CPU
		{150569EE-4053-4097-98EE-A455287610B5}.Debug|Any CPU.Build.0 = Debug|Any CPU
		{150569EE-4053-4097-98EE-A455287610B5}.Release|Any CPU.ActiveCfg = Release|Any CPU
		{150569EE-4053-4097-98EE-A455287610B5}.Release|Any CPU.Build.0 = Release|Any CPU
		{46394970-4495-408F-8A9C-31BEBC47E899}.Debug|Any CPU.ActiveCfg = Debug|Any CPU
		{46394970-4495-408F-8A9C-31BEBC47E899}.Debug|Any CPU.Build.0 = Debug|Any CPU
		{46394970-4495-408F-8A9C-31BEBC47E899}.Release|Any CPU.ActiveCfg = Release|Any CPU
		{46394970-4495-408F-8A9C-31BEBC47E899}.Release|Any CPU.Build.0 = Release|Any CPU
		{07F091E6-76EA-4A01-AB96-BF48EB87412A}.Debug|Any CPU.ActiveCfg = Debug|Any CPU
		{07F091E6-76EA-4A01-AB96-BF48EB87412A}.Debug|Any CPU.Build.0 = Debug|Any CPU
		{07F091E6-76EA-4A01-AB96-BF48EB87412A}.Debug|Any CPU.Deploy.0 = Debug|Any CPU
		{07F091E6-76EA-4A01-AB96-BF48EB87412A}.Release|Any CPU.ActiveCfg = Release|Any CPU
		{07F091E6-76EA-4A01-AB96-BF48EB87412A}.Release|Any CPU.Build.0 = Release|Any CPU
		{07F091E6-76EA-4A01-AB96-BF48EB87412A}.Release|Any CPU.Deploy.0 = Release|Any CPU
		{02C5745B-756A-49C4-A7A8-B8D07A818268}.Debug|Any CPU.ActiveCfg = Debug|Any CPU
		{02C5745B-756A-49C4-A7A8-B8D07A818268}.Debug|Any CPU.Build.0 = Debug|Any CPU
		{02C5745B-756A-49C4-A7A8-B8D07A818268}.Release|Any CPU.ActiveCfg = Release|Any CPU
		{02C5745B-756A-49C4-A7A8-B8D07A818268}.Release|Any CPU.Build.0 = Release|Any CPU
		{810BF526-53F8-4DFB-A32A-A67CB5FFF785}.Debug|Any CPU.ActiveCfg = Debug|Any CPU
		{810BF526-53F8-4DFB-A32A-A67CB5FFF785}.Debug|Any CPU.Build.0 = Debug|Any CPU
		{810BF526-53F8-4DFB-A32A-A67CB5FFF785}.Release|Any CPU.ActiveCfg = Release|Any CPU
		{810BF526-53F8-4DFB-A32A-A67CB5FFF785}.Release|Any CPU.Build.0 = Release|Any CPU
		{5A2538C7-D110-4DFB-A77B-C328CDDF7848}.Debug|Any CPU.ActiveCfg = Debug|Any CPU
		{5A2538C7-D110-4DFB-A77B-C328CDDF7848}.Debug|Any CPU.Build.0 = Debug|Any CPU
		{5A2538C7-D110-4DFB-A77B-C328CDDF7848}.Debug|Any CPU.Deploy.0 = Debug|Any CPU
		{5A2538C7-D110-4DFB-A77B-C328CDDF7848}.Release|Any CPU.ActiveCfg = Release|Any CPU
		{5A2538C7-D110-4DFB-A77B-C328CDDF7848}.Release|Any CPU.Build.0 = Release|Any CPU
		{5A2538C7-D110-4DFB-A77B-C328CDDF7848}.Release|Any CPU.Deploy.0 = Release|Any CPU
	EndGlobalSection
	GlobalSection(SolutionProperties) = preSolution
		HideSolutionNode = FALSE
	EndGlobalSection
	GlobalSection(NestedProjects) = preSolution
		{74F47C15-1293-404A-8C92-0F72A3DE7BA7} = {7EBB4434-F29C-4316-BEDC-F28F07CE4AC8}
		{87C64FBE-1AB8-46A2-B9E3-CCB1CF0BDE58} = {7EBB4434-F29C-4316-BEDC-F28F07CE4AC8}
		{3CC352EE-8A5C-45CE-A2B7-71E11733D5DA} = {7EBB4434-F29C-4316-BEDC-F28F07CE4AC8}
		{90A0ADDA-0CC2-491B-9140-DFE086EA66FC} = {7EBB4434-F29C-4316-BEDC-F28F07CE4AC8}
		{20A24104-F8EF-4BDD-99F7-145CA63645B0} = {7EBB4434-F29C-4316-BEDC-F28F07CE4AC8}
		{5C0F8C22-10FB-4D50-B87B-41558A87B30A} = {7EBB4434-F29C-4316-BEDC-F28F07CE4AC8}
		{05896551-6032-48C3-B847-79DEA73D5143} = {7EBB4434-F29C-4316-BEDC-F28F07CE4AC8}
		{28967B13-8651-4E28-B1E9-5D99D43DE202} = {7EBB4434-F29C-4316-BEDC-F28F07CE4AC8}
		{2D4A6B45-101D-49F4-B4BD-8A47B8A98098} = {7EBB4434-F29C-4316-BEDC-F28F07CE4AC8}
		{5C1D514B-B80F-40E1-9CAA-7BE94BC42E1D} = {7EBB4434-F29C-4316-BEDC-F28F07CE4AC8}
		{26EC0711-624C-48E1-A4A6-A55FD2249139} = {7EBB4434-F29C-4316-BEDC-F28F07CE4AC8}
		{634CA076-F37B-4700-9FC4-58B1BD490627} = {7EBB4434-F29C-4316-BEDC-F28F07CE4AC8}
		{FD938FD6-64B5-4B12-AD1B-42D4D401486C} = {7EBB4434-F29C-4316-BEDC-F28F07CE4AC8}
		{091CF87A-BF50-44B5-BA3A-2D4BFB56E111} = {7EBB4434-F29C-4316-BEDC-F28F07CE4AC8}
		{105C53A9-4421-4A54-BF09-533D54BABECC} = {7EBB4434-F29C-4316-BEDC-F28F07CE4AC8}
		{62B9655A-0C9E-4B4A-97DF-D0CE58921AE0} = {7EBB4434-F29C-4316-BEDC-F28F07CE4AC8}
		{345A5215-F14F-41AB-844B-9445EE657A1D} = {7EBB4434-F29C-4316-BEDC-F28F07CE4AC8}
		{50D09365-81F0-4313-A7AF-F2CD76DE4998} = {7EBB4434-F29C-4316-BEDC-F28F07CE4AC8}
		{F4FD40F9-B7F2-4A89-8647-7D3CDDF95289} = {7EBB4434-F29C-4316-BEDC-F28F07CE4AC8}
		{3AC2D665-8360-4367-9606-F633CA743C9E} = {7EBB4434-F29C-4316-BEDC-F28F07CE4AC8}
		{2FFEB068-12D2-4EF6-B3CE-767F2E223177} = {7EBB4434-F29C-4316-BEDC-F28F07CE4AC8}
		{77B32370-BC64-4C68-925C-BDE09360F694} = {65C50059-6C22-43E9-88DE-AD73F7F108C8}
		{6DAB0421-4F17-477C-B171-6AF2336C8B04} = {65C50059-6C22-43E9-88DE-AD73F7F108C8}
		{5224C344-5797-4D05-A4AA-835E576F6B9D} = {7EBB4434-F29C-4316-BEDC-F28F07CE4AC8}
		{150569EE-4053-4097-98EE-A455287610B5} = {65C50059-6C22-43E9-88DE-AD73F7F108C8}
		{46394970-4495-408F-8A9C-31BEBC47E899} = {65C50059-6C22-43E9-88DE-AD73F7F108C8}
		{07F091E6-76EA-4A01-AB96-BF48EB87412A} = {7EBB4434-F29C-4316-BEDC-F28F07CE4AC8}
		{02C5745B-756A-49C4-A7A8-B8D07A818268} = {65C50059-6C22-43E9-88DE-AD73F7F108C8}
		{810BF526-53F8-4DFB-A32A-A67CB5FFF785} = {65C50059-6C22-43E9-88DE-AD73F7F108C8}
		{5A2538C7-D110-4DFB-A77B-C328CDDF7848} = {7EBB4434-F29C-4316-BEDC-F28F07CE4AC8}
	EndGlobalSection
	GlobalSection(ExtensibilityGlobals) = postSolution
		SolutionGuid = {AF7CA16F-8C38-4546-87A2-5DAAF58A1520}
	EndGlobalSection
EndGlobal
