
Microsoft Visual Studio Solution File, Format Version 12.00
# Visual Studio Version 17
VisualStudioVersion = 17.3.32901.215
MinimumVisualStudioVersion = 10.0.40219.1
Project("{2150E333-8FDC-42A3-9474-1A3956D46DE8}") = "Meadow.Foundation.Libraries_and_Frameworks", "Meadow.Foundation.Libraries_and_Frameworks", "{E0384B86-37FC-403C-B1F7-AA5D1B869EB1}"
EndProject
Project("{2150E333-8FDC-42A3-9474-1A3956D46DE8}") = "_External", "_External", "{65C50059-6C22-43E9-88DE-AD73F7F108C8}"
	ProjectSection(SolutionItems) = preProject
		Meadow.Foundation.sln = Meadow.Foundation.sln
	EndProjectSection
EndProject
Project("{2150E333-8FDC-42A3-9474-1A3956D46DE8}") = "DataLoggers.SensorReading", "DataLoggers.SensorReading", "{C1361C6F-D933-4A99-919D-5644B9E1BC9A}"
EndProject
Project("{2150E333-8FDC-42A3-9474-1A3956D46DE8}") = "Driver", "Driver", "{D47B0BF3-B61F-4F83-BD73-3E749DFD470C}"
EndProject
Project("{2150E333-8FDC-42A3-9474-1A3956D46DE8}") = "DataLoggers.AdafruitIO", "DataLoggers.AdafruitIO", "{9E466827-2772-47B4-B64D-8ADB1C0DE70B}"
EndProject
Project("{2150E333-8FDC-42A3-9474-1A3956D46DE8}") = "Driver", "Driver", "{1B14DD12-262C-407A-9CCD-09E03DFE08B5}"
EndProject
Project("{9A19103F-16F7-4668-BE54-9A1E7A4F7556}") = "DataLoggers.AdafruitIO", "Meadow.Foundation.Libraries_and_Frameworks\DataLoggers.AdafruitIO\Driver\DataLoggers.AdafruitIO.csproj", "{7D66EEC3-76C4-4E57-8FB8-B80D323D6B03}"
EndProject
Project("{2150E333-8FDC-42A3-9474-1A3956D46DE8}") = "DataLoggers.ThingSpeak", "DataLoggers.ThingSpeak", "{A47BEE72-D1FA-4F02-96E1-84A70D7142B0}"
EndProject
Project("{2150E333-8FDC-42A3-9474-1A3956D46DE8}") = "Driver", "Driver", "{3C7605E8-136C-4282-B773-80C18021F73B}"
EndProject
Project("{9A19103F-16F7-4668-BE54-9A1E7A4F7556}") = "DataLoggers.ThingSpeak", "Meadow.Foundation.Libraries_and_Frameworks\DataLoggers.ThingSpeak\Driver\DataLoggers.ThingSpeak.csproj", "{7E97BEAE-FC4E-480F-8D7A-A7960A553129}"
EndProject
Project("{2150E333-8FDC-42A3-9474-1A3956D46DE8}") = "Sensors.Location.Gnss.NmeaProcessor", "Sensors.Location.Gnss.NmeaProcessor", "{23E4CD22-3FBE-415D-B16A-C661CB784C0D}"
EndProject
Project("{2150E333-8FDC-42A3-9474-1A3956D46DE8}") = "Driver", "Driver", "{23CAD9E3-4913-4CC0-93DF-91494B3CFC44}"
EndProject
Project("{2150E333-8FDC-42A3-9474-1A3956D46DE8}") = "Samples", "Samples", "{17E22697-CB77-4F38-AB13-BBDBD53B7829}"
EndProject
Project("{2150E333-8FDC-42A3-9474-1A3956D46DE8}") = "Graphics.MicroGraphics", "Graphics.MicroGraphics", "{7EDC253C-2B62-4444-B406-CC4786B93C47}"
EndProject
Project("{2150E333-8FDC-42A3-9474-1A3956D46DE8}") = "Driver", "Driver", "{B9C34E27-85BD-457D-B2CF-CA289979ED6C}"
EndProject
Project("{2150E333-8FDC-42A3-9474-1A3956D46DE8}") = "Samples", "Samples", "{0BB488AA-E23E-4697-BBD9-4A17B21BFCD7}"
EndProject
Project("{9A19103F-16F7-4668-BE54-9A1E7A4F7556}") = "Graphics.MicroGraphics", "Meadow.Foundation.Libraries_and_Frameworks\Graphics.MicroGraphics\Driver\Graphics.MicroGraphics.csproj", "{13E39D67-ED46-4B2A-B66E-5B2415B5278C}"
EndProject
Project("{2150E333-8FDC-42A3-9474-1A3956D46DE8}") = "Displays.TextDisplayMenu", "Displays.TextDisplayMenu", "{A363CC05-9B58-4231-9FB6-188F0FEF6AF0}"
EndProject
Project("{2150E333-8FDC-42A3-9474-1A3956D46DE8}") = "Driver", "Driver", "{B90A7629-57D3-49FC-B6EA-BB5F2E7F93C1}"
EndProject
Project("{2150E333-8FDC-42A3-9474-1A3956D46DE8}") = "Samples", "Samples", "{E9BE2E5E-D4A3-484A-BBE8-DC6715B1E2C8}"
EndProject
Project("{9A19103F-16F7-4668-BE54-9A1E7A4F7556}") = "Displays.TextDisplayMenu", "Meadow.Foundation.Libraries_and_Frameworks\Displays.TextDisplayMenu\Driver\Displays.TextDisplayMenu.csproj", "{C962A8DB-8D12-4B36-B22B-9B938565ABF7}"
EndProject
Project("{9A19103F-16F7-4668-BE54-9A1E7A4F7556}") = "Meadow.Foundation.Core", "Meadow.Foundation.Core\Meadow.Foundation.Core.csproj", "{A237BE35-0618-4B9B-A409-A3AC22053B53}"
EndProject
Project("{9A19103F-16F7-4668-BE54-9A1E7A4F7556}") = "Meadow.Core", "..\..\Meadow.Core\source\Meadow.Core\Meadow.Core.csproj", "{77B32370-BC64-4C68-925C-BDE09360F694}"
EndProject
Project("{9A19103F-16F7-4668-BE54-9A1E7A4F7556}") = "Meadow.F7", "..\..\Meadow.Core\source\Meadow.F7\Meadow.F7.csproj", "{6DAB0421-4F17-477C-B171-6AF2336C8B04}"
EndProject
Project("{9A19103F-16F7-4668-BE54-9A1E7A4F7556}") = "Meadow.Contracts", "..\..\Meadow.Contracts\Source\Meadow.Contracts\Meadow.Contracts.csproj", "{150569EE-4053-4097-98EE-A455287610B5}"
EndProject
Project("{9A19103F-16F7-4668-BE54-9A1E7A4F7556}") = "Meadow.Units", "..\..\Meadow.Units\Source\Meadow.Units\Meadow.Units.csproj", "{46394970-4495-408F-8A9C-31BEBC47E899}"
EndProject
Project("{9A19103F-16F7-4668-BE54-9A1E7A4F7556}") = "DataLoggers.SensorReading", "Meadow.Foundation.Libraries_and_Frameworks\DataLoggers.SensorReading\Driver\DataLoggers.SensorReading.csproj", "{A65353C4-D300-421D-AD04-5D69AF02BD9F}"
EndProject
Project("{9A19103F-16F7-4668-BE54-9A1E7A4F7556}") = "Sensors.Location.Gnss.NmeaProcessor", "Meadow.Foundation.Libraries_and_Frameworks\Sensors.Location.Gnss.NmeaProcessor\Driver\Sensors.Location.Gnss.NmeaProcessor.csproj", "{77601D70-30C7-48E3-86C1-DF311FFA89C1}"
EndProject
Project("{9A19103F-16F7-4668-BE54-9A1E7A4F7556}") = "NmeaProcessor_Sample", "Meadow.Foundation.Libraries_and_Frameworks\Sensors.Location.Gnss.NmeaProcessor\Samples\NmeaProcessor_Sample\NmeaProcessor_Sample.csproj", "{55025FED-EB56-4875-AF18-C48F30E20991}"
EndProject
Project("{9A19103F-16F7-4668-BE54-9A1E7A4F7556}") = "Meadow.Logging", "..\..\Meadow.Logging\lib\Meadow.Logging.csproj", "{02C5745B-756A-49C4-A7A8-B8D07A818268}"
EndProject
Project("{9A19103F-16F7-4668-BE54-9A1E7A4F7556}") = "MQTTnet", "..\..\MQTTnet\Source\MQTTnet\MQTTnet.csproj", "{810BF526-53F8-4DFB-A32A-A67CB5FFF785}"
EndProject
Global
	GlobalSection(SolutionConfigurationPlatforms) = preSolution
		Debug|Any CPU = Debug|Any CPU
		Release|Any CPU = Release|Any CPU
	EndGlobalSection
	GlobalSection(ProjectConfigurationPlatforms) = postSolution
		{7D66EEC3-76C4-4E57-8FB8-B80D323D6B03}.Debug|Any CPU.ActiveCfg = Debug|Any CPU
		{7D66EEC3-76C4-4E57-8FB8-B80D323D6B03}.Debug|Any CPU.Build.0 = Debug|Any CPU
		{7D66EEC3-76C4-4E57-8FB8-B80D323D6B03}.Release|Any CPU.ActiveCfg = Release|Any CPU
		{7D66EEC3-76C4-4E57-8FB8-B80D323D6B03}.Release|Any CPU.Build.0 = Release|Any CPU
		{7E97BEAE-FC4E-480F-8D7A-A7960A553129}.Debug|Any CPU.ActiveCfg = Debug|Any CPU
		{7E97BEAE-FC4E-480F-8D7A-A7960A553129}.Debug|Any CPU.Build.0 = Debug|Any CPU
		{7E97BEAE-FC4E-480F-8D7A-A7960A553129}.Release|Any CPU.ActiveCfg = Release|Any CPU
		{7E97BEAE-FC4E-480F-8D7A-A7960A553129}.Release|Any CPU.Build.0 = Release|Any CPU
		{13E39D67-ED46-4B2A-B66E-5B2415B5278C}.Debug|Any CPU.ActiveCfg = Debug|Any CPU
		{13E39D67-ED46-4B2A-B66E-5B2415B5278C}.Debug|Any CPU.Build.0 = Debug|Any CPU
		{13E39D67-ED46-4B2A-B66E-5B2415B5278C}.Release|Any CPU.ActiveCfg = Release|Any CPU
		{13E39D67-ED46-4B2A-B66E-5B2415B5278C}.Release|Any CPU.Build.0 = Release|Any CPU
		{C962A8DB-8D12-4B36-B22B-9B938565ABF7}.Debug|Any CPU.ActiveCfg = Debug|Any CPU
		{C962A8DB-8D12-4B36-B22B-9B938565ABF7}.Debug|Any CPU.Build.0 = Debug|Any CPU
		{C962A8DB-8D12-4B36-B22B-9B938565ABF7}.Release|Any CPU.ActiveCfg = Release|Any CPU
		{C962A8DB-8D12-4B36-B22B-9B938565ABF7}.Release|Any CPU.Build.0 = Release|Any CPU
		{A237BE35-0618-4B9B-A409-A3AC22053B53}.Debug|Any CPU.ActiveCfg = Debug|Any CPU
		{A237BE35-0618-4B9B-A409-A3AC22053B53}.Debug|Any CPU.Build.0 = Debug|Any CPU
		{A237BE35-0618-4B9B-A409-A3AC22053B53}.Release|Any CPU.ActiveCfg = Release|Any CPU
		{A237BE35-0618-4B9B-A409-A3AC22053B53}.Release|Any CPU.Build.0 = Release|Any CPU
		{77B32370-BC64-4C68-925C-BDE09360F694}.Debug|Any CPU.ActiveCfg = Debug|Any CPU
		{77B32370-BC64-4C68-925C-BDE09360F694}.Debug|Any CPU.Build.0 = Debug|Any CPU
		{77B32370-BC64-4C68-925C-BDE09360F694}.Debug|Any CPU.Deploy.0 = Debug|Any CPU
		{77B32370-BC64-4C68-925C-BDE09360F694}.Release|Any CPU.ActiveCfg = Release|Any CPU
		{77B32370-BC64-4C68-925C-BDE09360F694}.Release|Any CPU.Build.0 = Release|Any CPU
		{77B32370-BC64-4C68-925C-BDE09360F694}.Release|Any CPU.Deploy.0 = Release|Any CPU
		{6DAB0421-4F17-477C-B171-6AF2336C8B04}.Debug|Any CPU.ActiveCfg = Debug|Any CPU
		{6DAB0421-4F17-477C-B171-6AF2336C8B04}.Debug|Any CPU.Build.0 = Debug|Any CPU
		{6DAB0421-4F17-477C-B171-6AF2336C8B04}.Debug|Any CPU.Deploy.0 = Debug|Any CPU
		{6DAB0421-4F17-477C-B171-6AF2336C8B04}.Release|Any CPU.ActiveCfg = Release|Any CPU
		{6DAB0421-4F17-477C-B171-6AF2336C8B04}.Release|Any CPU.Build.0 = Release|Any CPU
		{6DAB0421-4F17-477C-B171-6AF2336C8B04}.Release|Any CPU.Deploy.0 = Release|Any CPU
		{150569EE-4053-4097-98EE-A455287610B5}.Debug|Any CPU.ActiveCfg = Debug|Any CPU
		{150569EE-4053-4097-98EE-A455287610B5}.Debug|Any CPU.Build.0 = Debug|Any CPU
		{150569EE-4053-4097-98EE-A455287610B5}.Release|Any CPU.ActiveCfg = Release|Any CPU
		{150569EE-4053-4097-98EE-A455287610B5}.Release|Any CPU.Build.0 = Release|Any CPU
		{46394970-4495-408F-8A9C-31BEBC47E899}.Debug|Any CPU.ActiveCfg = Debug|Any CPU
		{46394970-4495-408F-8A9C-31BEBC47E899}.Debug|Any CPU.Build.0 = Debug|Any CPU
		{46394970-4495-408F-8A9C-31BEBC47E899}.Release|Any CPU.ActiveCfg = Release|Any CPU
		{46394970-4495-408F-8A9C-31BEBC47E899}.Release|Any CPU.Build.0 = Release|Any CPU
		{A65353C4-D300-421D-AD04-5D69AF02BD9F}.Debug|Any CPU.ActiveCfg = Debug|Any CPU
		{A65353C4-D300-421D-AD04-5D69AF02BD9F}.Debug|Any CPU.Build.0 = Debug|Any CPU
		{A65353C4-D300-421D-AD04-5D69AF02BD9F}.Debug|Any CPU.Deploy.0 = Debug|Any CPU
		{A65353C4-D300-421D-AD04-5D69AF02BD9F}.Release|Any CPU.ActiveCfg = Release|Any CPU
		{A65353C4-D300-421D-AD04-5D69AF02BD9F}.Release|Any CPU.Build.0 = Release|Any CPU
		{A65353C4-D300-421D-AD04-5D69AF02BD9F}.Release|Any CPU.Deploy.0 = Release|Any CPU
		{77601D70-30C7-48E3-86C1-DF311FFA89C1}.Debug|Any CPU.ActiveCfg = Debug|Any CPU
		{77601D70-30C7-48E3-86C1-DF311FFA89C1}.Debug|Any CPU.Build.0 = Debug|Any CPU
		{77601D70-30C7-48E3-86C1-DF311FFA89C1}.Debug|Any CPU.Deploy.0 = Debug|Any CPU
		{77601D70-30C7-48E3-86C1-DF311FFA89C1}.Release|Any CPU.ActiveCfg = Release|Any CPU
		{77601D70-30C7-48E3-86C1-DF311FFA89C1}.Release|Any CPU.Build.0 = Release|Any CPU
		{77601D70-30C7-48E3-86C1-DF311FFA89C1}.Release|Any CPU.Deploy.0 = Release|Any CPU
		{55025FED-EB56-4875-AF18-C48F30E20991}.Debug|Any CPU.ActiveCfg = Debug|Any CPU
		{55025FED-EB56-4875-AF18-C48F30E20991}.Debug|Any CPU.Build.0 = Debug|Any CPU
		{55025FED-EB56-4875-AF18-C48F30E20991}.Debug|Any CPU.Deploy.0 = Debug|Any CPU
		{55025FED-EB56-4875-AF18-C48F30E20991}.Release|Any CPU.ActiveCfg = Release|Any CPU
		{55025FED-EB56-4875-AF18-C48F30E20991}.Release|Any CPU.Build.0 = Release|Any CPU
		{55025FED-EB56-4875-AF18-C48F30E20991}.Release|Any CPU.Deploy.0 = Release|Any CPU
		{02C5745B-756A-49C4-A7A8-B8D07A818268}.Debug|Any CPU.ActiveCfg = Debug|Any CPU
		{02C5745B-756A-49C4-A7A8-B8D07A818268}.Debug|Any CPU.Build.0 = Debug|Any CPU
		{02C5745B-756A-49C4-A7A8-B8D07A818268}.Release|Any CPU.ActiveCfg = Release|Any CPU
		{02C5745B-756A-49C4-A7A8-B8D07A818268}.Release|Any CPU.Build.0 = Release|Any CPU
		{810BF526-53F8-4DFB-A32A-A67CB5FFF785}.Debug|Any CPU.ActiveCfg = Debug|Any CPU
		{810BF526-53F8-4DFB-A32A-A67CB5FFF785}.Debug|Any CPU.Build.0 = Debug|Any CPU
		{810BF526-53F8-4DFB-A32A-A67CB5FFF785}.Release|Any CPU.ActiveCfg = Release|Any CPU
		{810BF526-53F8-4DFB-A32A-A67CB5FFF785}.Release|Any CPU.Build.0 = Release|Any CPU
	EndGlobalSection
	GlobalSection(SolutionProperties) = preSolution
		HideSolutionNode = FALSE
	EndGlobalSection
	GlobalSection(NestedProjects) = preSolution
		{C1361C6F-D933-4A99-919D-5644B9E1BC9A} = {E0384B86-37FC-403C-B1F7-AA5D1B869EB1}
		{D47B0BF3-B61F-4F83-BD73-3E749DFD470C} = {C1361C6F-D933-4A99-919D-5644B9E1BC9A}
		{9E466827-2772-47B4-B64D-8ADB1C0DE70B} = {E0384B86-37FC-403C-B1F7-AA5D1B869EB1}
		{1B14DD12-262C-407A-9CCD-09E03DFE08B5} = {9E466827-2772-47B4-B64D-8ADB1C0DE70B}
		{7D66EEC3-76C4-4E57-8FB8-B80D323D6B03} = {1B14DD12-262C-407A-9CCD-09E03DFE08B5}
		{A47BEE72-D1FA-4F02-96E1-84A70D7142B0} = {E0384B86-37FC-403C-B1F7-AA5D1B869EB1}
		{3C7605E8-136C-4282-B773-80C18021F73B} = {A47BEE72-D1FA-4F02-96E1-84A70D7142B0}
		{7E97BEAE-FC4E-480F-8D7A-A7960A553129} = {3C7605E8-136C-4282-B773-80C18021F73B}
		{23E4CD22-3FBE-415D-B16A-C661CB784C0D} = {E0384B86-37FC-403C-B1F7-AA5D1B869EB1}
		{23CAD9E3-4913-4CC0-93DF-91494B3CFC44} = {23E4CD22-3FBE-415D-B16A-C661CB784C0D}
		{17E22697-CB77-4F38-AB13-BBDBD53B7829} = {23E4CD22-3FBE-415D-B16A-C661CB784C0D}
		{7EDC253C-2B62-4444-B406-CC4786B93C47} = {E0384B86-37FC-403C-B1F7-AA5D1B869EB1}
		{B9C34E27-85BD-457D-B2CF-CA289979ED6C} = {7EDC253C-2B62-4444-B406-CC4786B93C47}
		{0BB488AA-E23E-4697-BBD9-4A17B21BFCD7} = {7EDC253C-2B62-4444-B406-CC4786B93C47}
		{13E39D67-ED46-4B2A-B66E-5B2415B5278C} = {B9C34E27-85BD-457D-B2CF-CA289979ED6C}
		{A363CC05-9B58-4231-9FB6-188F0FEF6AF0} = {E0384B86-37FC-403C-B1F7-AA5D1B869EB1}
		{B90A7629-57D3-49FC-B6EA-BB5F2E7F93C1} = {A363CC05-9B58-4231-9FB6-188F0FEF6AF0}
		{E9BE2E5E-D4A3-484A-BBE8-DC6715B1E2C8} = {A363CC05-9B58-4231-9FB6-188F0FEF6AF0}
		{C962A8DB-8D12-4B36-B22B-9B938565ABF7} = {B90A7629-57D3-49FC-B6EA-BB5F2E7F93C1}
		{77B32370-BC64-4C68-925C-BDE09360F694} = {65C50059-6C22-43E9-88DE-AD73F7F108C8}
		{6DAB0421-4F17-477C-B171-6AF2336C8B04} = {65C50059-6C22-43E9-88DE-AD73F7F108C8}
		{150569EE-4053-4097-98EE-A455287610B5} = {65C50059-6C22-43E9-88DE-AD73F7F108C8}
		{46394970-4495-408F-8A9C-31BEBC47E899} = {65C50059-6C22-43E9-88DE-AD73F7F108C8}
		{A65353C4-D300-421D-AD04-5D69AF02BD9F} = {D47B0BF3-B61F-4F83-BD73-3E749DFD470C}
		{77601D70-30C7-48E3-86C1-DF311FFA89C1} = {23CAD9E3-4913-4CC0-93DF-91494B3CFC44}
		{55025FED-EB56-4875-AF18-C48F30E20991} = {17E22697-CB77-4F38-AB13-BBDBD53B7829}
		{02C5745B-756A-49C4-A7A8-B8D07A818268} = {65C50059-6C22-43E9-88DE-AD73F7F108C8}
		{810BF526-53F8-4DFB-A32A-A67CB5FFF785} = {65C50059-6C22-43E9-88DE-AD73F7F108C8}
	EndGlobalSection
	GlobalSection(ExtensibilityGlobals) = postSolution
		SolutionGuid = {AF7CA16F-8C38-4546-87A2-5DAAF58A1520}
	EndGlobalSection
EndGlobal
